
Microsoft Visual Studio Solution File, Format Version 12.00
# Visual Studio Version 16
VisualStudioVersion = 16.0.30320.27
MinimumVisualStudioVersion = 10.0.40219.1
Project("{FAE04EC0-301F-11D3-BF4B-00C04F79EFBC}") = "Chapter-Two-Studio-Bonus", "Chapter-Two-Studio-Bonus\Chapter-Two-Studio-Bonus.csproj", "{74F9927D-CBDD-4972-A1D9-B86541445CB3}"
EndProject
Global
	GlobalSection(SolutionConfigurationPlatforms) = preSolution
		Debug|Any CPU = Debug|Any CPU
		Release|Any CPU = Release|Any CPU
	EndGlobalSection
	GlobalSection(ProjectConfigurationPlatforms) = postSolution
		{74F9927D-CBDD-4972-A1D9-B86541445CB3}.Debug|Any CPU.ActiveCfg = Debug|Any CPU
		{74F9927D-CBDD-4972-A1D9-B86541445CB3}.Debug|Any CPU.Build.0 = Debug|Any CPU
		{74F9927D-CBDD-4972-A1D9-B86541445CB3}.Release|Any CPU.ActiveCfg = Release|Any CPU
		{74F9927D-CBDD-4972-A1D9-B86541445CB3}.Release|Any CPU.Build.0 = Release|Any CPU
	EndGlobalSection
	GlobalSection(SolutionProperties) = preSolution
		HideSolutionNode = FALSE
	EndGlobalSection
	GlobalSection(ExtensibilityGlobals) = postSolution
		SolutionGuid = {AE10C3A7-8B4D-440A-ADBE-30F46DEC230F}
	EndGlobalSection
EndGlobal
